
Microsoft Visual Studio Solution File, Format Version 12.00
# Visual Studio Version 17
VisualStudioVersion = 17.9.34622.214
MinimumVisualStudioVersion = 10.0.40219.1
Project("{FAE04EC0-301F-11D3-BF4B-00C04F79EFBC}") = "CapitalAPI_Wpf", "CapitalAPI_Wpf\CapitalAPI_Wpf.csproj", "{7593259B-B9FA-48F6-9458-588C641392A4}"
EndProject
Global
	GlobalSection(SolutionConfigurationPlatforms) = preSolution
		Debug|Any CPU = Debug|Any CPU
		Release|Any CPU = Release|Any CPU
	EndGlobalSection
	GlobalSection(ProjectConfigurationPlatforms) = postSolution
		{7593259B-B9FA-48F6-9458-588C641392A4}.Debug|Any CPU.ActiveCfg = Debug|Any CPU
		{7593259B-B9FA-48F6-9458-588C641392A4}.Debug|Any CPU.Build.0 = Debug|Any CPU
		{7593259B-B9FA-48F6-9458-588C641392A4}.Release|Any CPU.ActiveCfg = Release|Any CPU
		{7593259B-B9FA-48F6-9458-588C641392A4}.Release|Any CPU.Build.0 = Release|Any CPU
	EndGlobalSection
	GlobalSection(SolutionProperties) = preSolution
		HideSolutionNode = FALSE
	EndGlobalSection
	GlobalSection(ExtensibilityGlobals) = postSolution
		SolutionGuid = {B30D6896-898B-4A05-8CCD-0D2A94E5527E}
	EndGlobalSection
EndGlobal
